
Microsoft Visual Studio Solution File, Format Version 12.00
# Visual Studio Version 17
VisualStudioVersion = 17.4.33205.214
MinimumVisualStudioVersion = 10.0.40219.1
Project("{FAE04EC0-301F-11D3-BF4B-00C04F79EFBC}") = "Task 3 Min Ricxvi", "Task 3 Min Ricxvi.csproj", "{9E60CD6F-F96E-4599-AE81-E288A316DBC0}"
EndProject
Global
	GlobalSection(SolutionConfigurationPlatforms) = preSolution
		Debug|Any CPU = Debug|Any CPU
		Release|Any CPU = Release|Any CPU
	EndGlobalSection
	GlobalSection(ProjectConfigurationPlatforms) = postSolution
		{9E60CD6F-F96E-4599-AE81-E288A316DBC0}.Debug|Any CPU.ActiveCfg = Debug|Any CPU
		{9E60CD6F-F96E-4599-AE81-E288A316DBC0}.Debug|Any CPU.Build.0 = Debug|Any CPU
		{9E60CD6F-F96E-4599-AE81-E288A316DBC0}.Release|Any CPU.ActiveCfg = Release|Any CPU
		{9E60CD6F-F96E-4599-AE81-E288A316DBC0}.Release|Any CPU.Build.0 = Release|Any CPU
	EndGlobalSection
	GlobalSection(SolutionProperties) = preSolution
		HideSolutionNode = FALSE
	EndGlobalSection
	GlobalSection(ExtensibilityGlobals) = postSolution
		SolutionGuid = {73FF29E8-E727-4A3B-BFCB-7F6335E02605}
	EndGlobalSection
EndGlobal
