
Microsoft Visual Studio Solution File, Format Version 12.00
# Visual Studio Version 17
VisualStudioVersion = 17.4.33205.214
MinimumVisualStudioVersion = 10.0.40219.1
Project("{FAE04EC0-301F-11D3-BF4B-00C04F79EFBC}") = "Task 4 IsProperly", "Task 4 IsProperly.csproj", "{19EAC812-25A4-4FC2-8E4F-5F4E7DC58315}"
EndProject
Global
	GlobalSection(SolutionConfigurationPlatforms) = preSolution
		Debug|Any CPU = Debug|Any CPU
		Release|Any CPU = Release|Any CPU
	EndGlobalSection
	GlobalSection(ProjectConfigurationPlatforms) = postSolution
		{19EAC812-25A4-4FC2-8E4F-5F4E7DC58315}.Debug|Any CPU.ActiveCfg = Debug|Any CPU
		{19EAC812-25A4-4FC2-8E4F-5F4E7DC58315}.Debug|Any CPU.Build.0 = Debug|Any CPU
		{19EAC812-25A4-4FC2-8E4F-5F4E7DC58315}.Release|Any CPU.ActiveCfg = Release|Any CPU
		{19EAC812-25A4-4FC2-8E4F-5F4E7DC58315}.Release|Any CPU.Build.0 = Release|Any CPU
	EndGlobalSection
	GlobalSection(SolutionProperties) = preSolution
		HideSolutionNode = FALSE
	EndGlobalSection
	GlobalSection(ExtensibilityGlobals) = postSolution
		SolutionGuid = {273BE1E5-89B5-43A2-9440-091443F360EC}
	EndGlobalSection
EndGlobal
