
Microsoft Visual Studio Solution File, Format Version 12.00
# Visual Studio Version 17
VisualStudioVersion = 17.4.33205.214
MinimumVisualStudioVersion = 10.0.40219.1
Project("{FAE04EC0-301F-11D3-BF4B-00C04F79EFBC}") = "Task 8", "Task 8.csproj", "{2791280D-F2F7-460C-96AD-A81D6D8383A0}"
EndProject
Global
	GlobalSection(SolutionConfigurationPlatforms) = preSolution
		Debug|Any CPU = Debug|Any CPU
		Release|Any CPU = Release|Any CPU
	EndGlobalSection
	GlobalSection(ProjectConfigurationPlatforms) = postSolution
		{2791280D-F2F7-460C-96AD-A81D6D8383A0}.Debug|Any CPU.ActiveCfg = Debug|Any CPU
		{2791280D-F2F7-460C-96AD-A81D6D8383A0}.Debug|Any CPU.Build.0 = Debug|Any CPU
		{2791280D-F2F7-460C-96AD-A81D6D8383A0}.Release|Any CPU.ActiveCfg = Release|Any CPU
		{2791280D-F2F7-460C-96AD-A81D6D8383A0}.Release|Any CPU.Build.0 = Release|Any CPU
	EndGlobalSection
	GlobalSection(SolutionProperties) = preSolution
		HideSolutionNode = FALSE
	EndGlobalSection
	GlobalSection(ExtensibilityGlobals) = postSolution
		SolutionGuid = {A84739A8-443A-41F0-8464-7E39828481A1}
	EndGlobalSection
EndGlobal
